
Microsoft Visual Studio Solution File, Format Version 12.00
# Visual Studio Version 16
VisualStudioVersion = 16.0.30907.101
MinimumVisualStudioVersion = 10.0.40219.1
Project("{888888A0-9F3D-457C-B088-3A5042F75D52}") = "CryptoAutoCrewConsole", "CryptoAutoCrewConsole.pyproj", "{40821C18-C977-4048-B18C-D6E123FD27D5}"
EndProject
Global
	GlobalSection(SolutionConfigurationPlatforms) = preSolution
		Debug|Any CPU = Debug|Any CPU
		Release|Any CPU = Release|Any CPU
	EndGlobalSection
	GlobalSection(ProjectConfigurationPlatforms) = postSolution
		{40821C18-C977-4048-B18C-D6E123FD27D5}.Debug|Any CPU.ActiveCfg = Debug|Any CPU
		{40821C18-C977-4048-B18C-D6E123FD27D5}.Release|Any CPU.ActiveCfg = Release|Any CPU
	EndGlobalSection
	GlobalSection(SolutionProperties) = preSolution
		HideSolutionNode = FALSE
	EndGlobalSection
	GlobalSection(ExtensibilityGlobals) = postSolution
		SolutionGuid = {D752F6D7-8820-44BA-A272-BBF83FBF5F4B}
	EndGlobalSection
EndGlobal
